
Microsoft Visual Studio Solution File, Format Version 12.00
# Visual Studio Version 17
VisualStudioVersion = 17.5.002.0
MinimumVisualStudioVersion = 10.0.40219.1
Project("{9A19103F-16F7-4668-BE54-9A1E7A4F7556}") = "C#", "C#.csproj", "{8F69E596-76EB-45AE-BC8A-D3BC2D6CFABA}"
EndProject
Global
	GlobalSection(SolutionConfigurationPlatforms) = preSolution
		Debug|Any CPU = Debug|Any CPU
		Release|Any CPU = Release|Any CPU
	EndGlobalSection
	GlobalSection(ProjectConfigurationPlatforms) = postSolution
		{8F69E596-76EB-45AE-BC8A-D3BC2D6CFABA}.Debug|Any CPU.ActiveCfg = Debug|Any CPU
		{8F69E596-76EB-45AE-BC8A-D3BC2D6CFABA}.Debug|Any CPU.Build.0 = Debug|Any CPU
		{8F69E596-76EB-45AE-BC8A-D3BC2D6CFABA}.Release|Any CPU.ActiveCfg = Release|Any CPU
		{8F69E596-76EB-45AE-BC8A-D3BC2D6CFABA}.Release|Any CPU.Build.0 = Release|Any CPU
	EndGlobalSection
	GlobalSection(SolutionProperties) = preSolution
		HideSolutionNode = FALSE
	EndGlobalSection
	GlobalSection(ExtensibilityGlobals) = postSolution
		SolutionGuid = {5C799608-9978-4047-A4B6-20CC7B808D84}
	EndGlobalSection
EndGlobal
